{
  "object": {
    "pins": [
      {
        "package": "CryptoSwift",
        "repositoryURL": "https://github.com/krzyzanowskim/CryptoSwift.git",
        "state": {
          "branch": null,
          "revision": "4c4662dcff510fe0c74323279711daed16f08528",
          "version": "1.5.0"
        }
      },
      {
        "package": "DeviceTools",
        "repositoryURL": "https://github.com/m3lody992/DeviceTools",
        "state": {
          "branch": "main",
          "revision": "9d4bb9099d6409d3e1bc6a4c50c67b5017f6cec5",
          "version": null
        }
      },
      {
        "package": "InfoServices",
        "repositoryURL": "https://github.com/m3lody992/InfoServices",
        "state": {
          "branch": "tt",
          "revision": "52b3d47f962f9f0b1358388021c9d3fc6e8dedc2",
          "version": null
        }
      },
      {
        "package": "JGProgressHUD",
        "repositoryURL": "https://github.com/JonasGessner/JGProgressHUD",
        "state": {
          "branch": null,
          "revision": "78d7cd35f1d90ff74fd82e486f2cbe4b24be8cf9",
          "version": "2.2.0"
        }
      },
      {
        "package": "KeychainAccess",
        "repositoryURL": "https://github.com/kishikawakatsumi/KeychainAccess",
        "state": {
          "branch": null,
          "revision": "84e546727d66f1adc5439debad16270d0fdd04e7",
          "version": "4.2.2"
        }
      },
      {
        "package": "Kingfisher",
        "repositoryURL": "https://github.com/onevcat/Kingfisher.git",
        "state": {
          "branch": null,
          "revision": "1a7b5480eb750a8e171654b9b1cb0a2cbeb27a55",
          "version": "7.2.1"
        }
      },
      {
        "package": "Networking",
        "repositoryURL": "https://github.com/m3lody992/Networking",
        "state": {
          "branch": "main",
          "revision": "600e7a089f744538510eccfc0f8a5f49553ea541",
          "version": null
        }
      },
      {
        "package": "Reachability",
        "repositoryURL": "https://github.com/ashleymills/Reachability.swift",
        "state": {
          "branch": null,
          "revision": "c01bbdf2d633cf049ae1ed1a68a2020a8bda32e2",
          "version": "5.1.0"
        }
      },
      {
        "package": "UITools",
        "repositoryURL": "https://github.com/m3lody992/UITools",
        "state": {
          "branch": "main",
          "revision": "6e12758c10404656523b64ad58b61fb2c47ef8b4",
          "version": null
        }
      }
    ]
  },
  "version": 1
}
